// !$*UTF8*$!
{
	archiveVersion = 1;
	classes = {
	};
	objectVersion = 46;
	objects = {

/* Begin PBXBuildFile section */
		7D3BCC891D6E1075009B8146 /* AppDelegate.swift in Sources */ = {isa = PBXBuildFile; fileRef = 7D3BCC881D6E1075009B8146 /* AppDelegate.swift */; };
		7D3BCC8B1D6E1075009B8146 /* ViewController.swift in Sources */ = {isa = PBXBuildFile; fileRef = 7D3BCC8A1D6E1075009B8146 /* ViewController.swift */; };
		7D3BCC8E1D6E1075009B8146 /* Main.storyboard in Resources */ = {isa = PBXBuildFile; fileRef = 7D3BCC8C1D6E1075009B8146 /* Main.storyboard */; };
		7D3BCC901D6E1075009B8146 /* Assets.xcassets in Resources */ = {isa = PBXBuildFile; fileRef = 7D3BCC8F1D6E1075009B8146 /* Assets.xcassets */; };
		7D3BCC931D6E1075009B8146 /* LaunchScreen.storyboard in Resources */ = {isa = PBXBuildFile; fileRef = 7D3BCC911D6E1075009B8146 /* LaunchScreen.storyboard */; };
/* End PBXBuildFile section */

/* Begin PBXFileReference section */
		7D3BCC851D6E1075009B8146 /* Buggy.app */ = {isa = PBXFileReference; explicitFileType = wrapper.application; includeInIndex = 0; path = Buggy.app; sourceTree = BUILT_PRODUCTS_DIR; };
		7D3BCC881D6E1075009B8146 /* AppDelegate.swift */ = {isa = PBXFileReference; lastKnownFileType = sourcecode.swift; path = AppDelegate.swift; sourceTree = "<group>"; };
		7D3BCC8A1D6E1075009B8146 /* ViewController.swift */ = {isa = PBXFileReference; lastKnownFileType = sourcecode.swift; path = ViewController.swift; sourceTree = "<group>"; };
		7D3BCC8D1D6E1075009B8146 /* Base */ = {isa = PBXFileReference; lastKnownFileType = file.storyboard; name = Base; path = Base.lproj/Main.storyboard; sourceTree = "<group>"; };
		7D3BCC8F1D6E1075009B8146 /* Assets.xcassets */ = {isa = PBXFileReference; lastKnownFileType = folder.assetcatalog; path = Assets.xcassets; sourceTree = "<group>"; };
		7D3BCC921D6E1075009B8146 /* Base */ = {isa = PBXFileReference; lastKnownFileType = file.storyboard; name = Base; path = Base.lproj/LaunchScreen.storyboard; sourceTree = "<group>"; };
		7D3BCC941D6E1075009B8146 /* Info.plist */ = {isa = PBXFileReference; lastKnownFileType = text.plist.xml; path = Info.plist; sourceTree = "<group>"; };
/* End PBXFileReference section */

/* Begin PBXFrameworksBuildPhase section */
		7D3BCC821D6E1075009B8146 /* Frameworks */ = {
			isa = PBXFrameworksBuildPhase;
			buildActionMask = 2147483647;
			files = (
			);
			runOnlyForDeploymentPostprocessing = 0;
		};
/* End PBXFrameworksBuildPhase section */

/* Begin PBXGroup section */
		7D3BCC7C1D6E1075009B8146 = {
			isa = PBXGroup;
			children = (
				7D3BCC871D6E1075009B8146 /* Buggy */,
				7D3BCC861D6E1075009B8146 /* Products */,
			);
			sourceTree = "<group>";
		};
		7D3BCC861D6E1075009B8146 /* Products */ = {
			isa = PBXGroup;
			children = (
				7D3BCC851D6E1075009B8146 /* Buggy.app */,
			);
			name = Products;
			sourceTree = "<group>";
		};
		7D3BCC871D6E1075009B8146 /* Buggy */ = {
			isa = PBXGroup;
			children = (
				7D3BCC881D6E1075009B8146 /* AppDelegate.swift */,
				7D3BCC8A1D6E1075009B8146 /* ViewController.swift */,
				7D3BCC8C1D6E1075009B8146 /* Main.storyboard */,
				7D3BCC8F1D6E1075009B8146 /* Assets.xcassets */,
				7D3BCC911D6E1075009B8146 /* LaunchScreen.storyboard */,
				7D3BCC941D6E1075009B8146 /* Info.plist */,
			);
			path = Buggy;
			sourceTree = "<group>";
		};
/* End PBXGroup section */

/* Begin PBXNativeTarget section */
		7D3BCC841D6E1075009B8146 /* Buggy */ = {
			isa = PBXNativeTarget;
			buildConfigurationList = 7D3BCC971D6E1075009B8146 /* Build configuration list for PBXNativeTarget "Buggy" */;
			buildPhases = (
				7D3BCC811D6E1075009B8146 /* Sources */,
				7D3BCC821D6E1075009B8146 /* Frameworks */,
				7D3BCC831D6E1075009B8146 /* Resources */,
			);
			buildRules = (
			);
			dependencies = (
			);
			name = Buggy;
			productName = Buggy;
			productReference = 7D3BCC851D6E1075009B8146 /* Buggy.app */;
			productType = "com.apple.product-type.application";
		};
/* End PBXNativeTarget section */

/* Begin PBXProject section */
		7D3BCC7D1D6E1075009B8146 /* Project object */ = {
			isa = PBXProject;
			attributes = {
				LastSwiftUpdateCheck = 0800;
				LastUpgradeCheck = 0800;
				ORGANIZATIONNAME = "Big Nerd Ranch";
				TargetAttributes = {
					7D3BCC841D6E1075009B8146 = {
						CreatedOnToolsVersion = 8.0;
						DevelopmentTeam = 439592V3LM;
						ProvisioningStyle = Automatic;
					};
				};
			};
			buildConfigurationList = 7D3BCC801D6E1075009B8146 /* Build configuration list for PBXProject "Buggy" */;
			compatibilityVersion = "Xcode 3.2";
			developmentRegion = English;
			hasScannedForEncodings = 0;
			knownRegions = (
				en,
				Base,
			);
			mainGroup = 7D3BCC7C1D6E1075009B8146;
			productRefGroup = 7D3BCC861D6E1075009B8146 /* Products */;
			projectDirPath = "";
			projectRoot = "";
			targets = (
				7D3BCC841D6E1075009B8146 /* Buggy */,
			);
		};
/* End PBXProject section */

/* Begin PBXResourcesBuildPhase section */
		7D3BCC831D6E1075009B8146 /* Resources */ = {
			isa = PBXResourcesBuildPhase;
			buildActionMask = 2147483647;
			files = (
				7D3BCC931D6E1075009B8146 /* LaunchScreen.storyboard in Resources */,
				7D3BCC901D6E1075009B8146 /* Assets.xcassets in Resources */,
				7D3BCC8E1D6E1075009B8146 /* Main.storyboard in Resources */,
			);
			runOnlyForDeploymentPostprocessing = 0;
		};
/* End PBXResourcesBuildPhase section */

/* Begin PBXSourcesBuildPhase section */
		7D3BCC811D6E1075009B8146 /* Sources */ = {
			isa = PBXSourcesBuildPhase;
			buildActionMask = 2147483647;
			files = (
				7D3BCC8B1D6E1075009B8146 /* ViewController.swift in Sources */,
				7D3BCC891D6E1075009B8146 /* AppDelegate.swift in Sources */,
			);
			runOnlyForDeploymentPostprocessing = 0;
		};
/* End PBXSourcesBuildPhase section */

/* Begin PBXVariantGroup section */
		7D3BCC8C1D6E1075009B8146 /* Main.storyboard */ = {
			isa = PBXVariantGroup;
			children = (
				7D3BCC8D1D6E1075009B8146 /* Base */,
			);
			name = Main.storyboard;
			sourceTree = "<group>";
		};
		7D3BCC911D6E1075009B8146 /* LaunchScreen.storyboard */ = {
			isa = PBXVariantGroup;
			children = (
				7D3BCC921D6E1075009B8146 /* Base */,
			);
			name = LaunchScreen.storyboard;
			sourceTree = "<group>";
		};
/* End PBXVariantGroup section */

/* Begin XCBuildConfiguration section */
		7D3BCC951D6E1075009B8146 /* Debug */ = {
			isa = XCBuildConfiguration;
			buildSettings = {
				ALWAYS_SEARCH_USER_PATHS = NO;
				CLANG_ANALYZER_NONNULL = YES;
				CLANG_CXX_LANGUAGE_STANDARD = "gnu++0x";
				CLANG_CXX_LIBRARY = "libc++";
				CLANG_ENABLE_MODULES = YES;
				CLANG_ENABLE_OBJC_ARC = YES;
				CLANG_WARN_BOOL_CONVERSION = YES;
				CLANG_WARN_CONSTANT_CONVERSION = YES;
				CLANG_WARN_DIRECT_OBJC_ISA_USAGE = YES_ERROR;
				CLANG_WARN_DOCUMENTATION_COMMENTS = YES;
				CLANG_WARN_EMPTY_BODY = YES;
				CLANG_WARN_ENUM_CONVERSION = YES;
				CLANG_WARN_INFINITE_RECURSION = YES;
				CLANG_WARN_INT_CONVERSION = YES;
				CLANG_WARN_OBJC_ROOT_CLASS = YES_ERROR;
				CLANG_WARN_SUSPICIOUS_MOVES = YES;
				CLANG_WARN_UNREACHABLE_CODE = YES;
				CLANG_WARN__DUPLICATE_METHOD_MATCH = YES;
				"CODE_SIGN_IDENTITY[sdk=iphoneos*]" = "iPhone Developer";
				COPY_PHASE_STRIP = NO;
				DEBUG_INFORMATION_FORMAT = dwarf;
				ENABLE_STRICT_OBJC_MSGSEND = YES;
				ENABLE_TESTABILITY = YES;
				GCC_C_LANGUAGE_STANDARD = gnu99;
				GCC_DYNAMIC_NO_PIC = NO;
				GCC_NO_COMMON_BLOCKS = YES;
				GCC_OPTIMIZATION_LEVEL = 0;
				GCC_PREPROCESSOR_DEFINITIONS = (
					"DEBUG=1",
					"$(inherited)",
				);
				GCC_WARN_64_TO_32_BIT_CONVERSION = YES;
				GCC_WARN_ABOUT_RETURN_TYPE = YES_ERROR;
				GCC_WARN_UNDECLARED_SELECTOR = YES;
				GCC_WARN_UNINITIALIZED_AUTOS = YES_AGGRESSIVE;
				GCC_WARN_UNUSED_FUNCTION = YES;
				GCC_WARN_UNUSED_VARIABLE = YES;
				IPHONEOS_DEPLOYMENT_TARGET = 10.0;
				MTL_ENABLE_DEBUG_INFO = YES;
				ONLY_ACTIVE_ARCH = YES;
				SDKROOT = iphoneos;
				SWIFT_ACTIVE_COMPILATION_CONDITIONS = DEBUG;
				SWIFT_OPTIMIZATION_LEVEL = "-Onone";
			};
			name = Debug;
		};
		7D3BCC961D6E1075009B8146 /* Release */ = {
			isa = XCBuildConfiguration;
			buildSettings = {
				ALWAYS_SEARCH_USER_PATHS = NO;
				CLANG_ANALYZER_NONNULL = YES;
				CLANG_CXX_LANGUAGE_STANDARD = "gnu++0x";
				CLANG_CXX_LIBRARY = "libc++";
				CLANG_ENABLE_MODULES = YES;
				CLANG_ENABLE_OBJC_ARC = YES;
				CLANG_WARN_BOOL_CONVERSION = YES;
				CLANG_WARN_CONSTANT_CONVERSION = YES;
				CLANG_WARN_DIRECT_OBJC_ISA_USAGE = YES_ERROR;
				CLANG_WARN_DOCUMENTATION_COMMENTS = YES;
				CLANG_WARN_EMPTY_BODY = YES;
				CLANG_WARN_ENUM_CONVERSION = YES;
				CLANG_WARN_INFINITE_RECURSION = YES;
				CLANG_WARN_INT_CONVERSION = YES;
				CLANG_WARN_OBJC_ROOT_CLASS = YES_ERROR;
				CLANG_WARN_SUSPICIOUS_MOVES = YES;
				CLANG_WARN_UNREACHABLE_CODE = YES;
				CLANG_WARN__DUPLICATE_METHOD_MATCH = YES;
				"CODE_SIGN_IDENTITY[sdk=iphoneos*]" = "iPhone Developer";
				COPY_PHASE_STRIP = NO;
				DEBUG_INFORMATION_FORMAT = "dwarf-with-dsym";
				ENABLE_NS_ASSERTIONS = NO;
				ENABLE_STRICT_OBJC_MSGSEND = YES;
				GCC_C_LANGUAGE_STANDARD = gnu99;
				GCC_NO_COMMON_BLOCKS = YES;
				GCC_WARN_64_TO_32_BIT_CONVERSION = YES;
				GCC_WARN_ABOUT_RETURN_TYPE = YES_ERROR;
				GCC_WARN_UNDECLARED_SELECTOR = YES;
				GCC_WARN_UNINITIALIZED_AUTOS = YES_AGGRESSIVE;
				GCC_WARN_UNUSED_FUNCTION = YES;
				GCC_WARN_UNUSED_VARIABLE = YES;
				IPHONEOS_DEPLOYMENT_TARGET = 10.0;
				MTL_ENABLE_DEBUG_INFO = NO;
				SDKROOT = iphoneos;
				SWIFT_OPTIMIZATION_LEVEL = "-Owholemodule";
				VALIDATE_PRODUCT = YES;
			};
			name = Release;
		};
		7D3BCC981D6E1075009B8146 /* Debug */ = {
			isa = XCBuildConfiguration;
			buildSettings = {
				ASSETCATALOG_COMPILER_APPICON_NAME = AppIcon;
				DEVELOPMENT_TEAM = 439592V3LM;
				INFOPLIST_FILE = Buggy/Info.plist;
				LD_RUNPATH_SEARCH_PATHS = "$(inherited) @executable_path/Frameworks";
				PRODUCT_BUNDLE_IDENTIFIER = com.bignerdranch.Buggy;
				PRODUCT_NAME = "$(TARGET_NAME)";
				SWIFT_VERSION = 3.0;
			};
			name = Debug;
		};
		7D3BCC991D6E1075009B8146 /* Release */ = {
			isa = XCBuildConfiguration;
			buildSettings = {
				ASSETCATALOG_COMPILER_APPICON_NAME = AppIcon;
				DEVELOPMENT_TEAM = 439592V3LM;
				INFOPLIST_FILE = Buggy/Info.plist;
				LD_RUNPATH_SEARCH_PATHS = "$(inherited) @executable_path/Frameworks";
				PRODUCT_BUNDLE_IDENTIFIER = com.bignerdranch.Buggy;
				PRODUCT_NAME = "$(TARGET_NAME)";
				SWIFT_VERSION = 3.0;
			};
			name = Release;
		};
/* End XCBuildConfiguration section */

/* Begin XCConfigurationList section */
		7D3BCC801D6E1075009B8146 /* Build configuration list for PBXProject "Buggy" */ = {
			isa = XCConfigurationList;
			buildConfigurations = (
				7D3BCC951D6E1075009B8146 /* Debug */,
				7D3BCC961D6E1075009B8146 /* Release */,
			);
			defaultConfigurationIsVisible = 0;
			defaultConfigurationName = Release;
		};
		7D3BCC971D6E1075009B8146 /* Build configuration list for PBXNativeTarget "Buggy" */ = {
			isa = XCConfigurationList;
			buildConfigurations = (
				7D3BCC981D6E1075009B8146 /* Debug */,
				7D3BCC991D6E1075009B8146 /* Release */,
			);
			defaultConfigurationIsVisible = 0;
		};
/* End XCConfigurationList section */
	};
	rootObject = 7D3BCC7D1D6E1075009B8146 /* Project object */;
}
